// !$*UTF8*$!
{
	archiveVersion = 1;
	classes = {
	};
	objectVersion = 56;
	objects = {

/* Begin PBXBuildFile section */
		5291EA792C47EACB0059498F /* AppDelegate.swift in Sources */ = {isa = PBXBuildFile; fileRef = 5291EA782C47EACB0059498F /* AppDelegate.swift */; };
		5291EA7B2C47EACB0059498F /* SceneDelegate.swift in Sources */ = {isa = PBXBuildFile; fileRef = 5291EA7A2C47EACB0059498F /* SceneDelegate.swift */; };
		5291EA7D2C47EACB0059498F /* RootViewController.swift in Sources */ = {isa = PBXBuildFile; fileRef = 5291EA7C2C47EACB0059498F /* RootViewController.swift */; };
		5291EA822C47EACC0059498F /* Assets.xcassets in Resources */ = {isa = PBXBuildFile; fileRef = 5291EA812C47EACC0059498F /* Assets.xcassets */; };
		5291EA852C47EACC0059498F /* Base in Resources */ = {isa = PBXBuildFile; fileRef = 5291EA842C47EACC0059498F /* Base */; };
		5291EA902C47EACC0059498F /* LearningUIKitTests.swift in Sources */ = {isa = PBXBuildFile; fileRef = 5291EA8F2C47EACC0059498F /* LearningUIKitTests.swift */; };
		5291EA9A2C47EACC0059498F /* LearningUIKitUITests.swift in Sources */ = {isa = PBXBuildFile; fileRef = 5291EA992C47EACC0059498F /* LearningUIKitUITests.swift */; };
		5291EA9C2C47EACC0059498F /* LearningUIKitUITestsLaunchTests.swift in Sources */ = {isa = PBXBuildFile; fileRef = 5291EA9B2C47EACC0059498F /* LearningUIKitUITestsLaunchTests.swift */; };
		52FD29CE2C49F7280019F094 /* UIColors.swift in Sources */ = {isa = PBXBuildFile; fileRef = 52FD29CD2C49F7280019F094 /* UIColors.swift */; };
		52FD29D22C4A3BBF0019F094 /* DependencyViewBuilder.swift in Sources */ = {isa = PBXBuildFile; fileRef = 52FD29D12C4A3BBF0019F094 /* DependencyViewBuilder.swift */; };
		52FD29D42C4A3C120019F094 /* DependencyContainer.swift in Sources */ = {isa = PBXBuildFile; fileRef = 52FD29D32C4A3C120019F094 /* DependencyContainer.swift */; };
		52FD29E02C4BE6150019F094 /* BaseRouter.swift in Sources */ = {isa = PBXBuildFile; fileRef = 52FD29DF2C4BE6150019F094 /* BaseRouter.swift */; };
		52FD29E22C4BEA690019F094 /* BaseViewModel.swift in Sources */ = {isa = PBXBuildFile; fileRef = 52FD29E12C4BEA690019F094 /* BaseViewModel.swift */; };
/* End PBXBuildFile section */

/* Begin PBXContainerItemProxy section */
		5291EA8C2C47EACC0059498F /* PBXContainerItemProxy */ = {
			isa = PBXContainerItemProxy;
			containerPortal = 5291EA6D2C47EACB0059498F /* Project object */;
			proxyType = 1;
			remoteGlobalIDString = 5291EA742C47EACB0059498F;
			remoteInfo = LearningUIKit;
		};
		5291EA962C47EACC0059498F /* PBXContainerItemProxy */ = {
			isa = PBXContainerItemProxy;
			containerPortal = 5291EA6D2C47EACB0059498F /* Project object */;
			proxyType = 1;
			remoteGlobalIDString = 5291EA742C47EACB0059498F;
			remoteInfo = LearningUIKit;
		};
/* End PBXContainerItemProxy section */

/* Begin PBXFileReference section */
		5291EA752C47EACB0059498F /* LearningUIKit.app */ = {isa = PBXFileReference; explicitFileType = wrapper.application; includeInIndex = 0; path = LearningUIKit.app; sourceTree = BUILT_PRODUCTS_DIR; };
		5291EA782C47EACB0059498F /* AppDelegate.swift */ = {isa = PBXFileReference; lastKnownFileType = sourcecode.swift; path = AppDelegate.swift; sourceTree = "<group>"; };
		5291EA7A2C47EACB0059498F /* SceneDelegate.swift */ = {isa = PBXFileReference; lastKnownFileType = sourcecode.swift; path = SceneDelegate.swift; sourceTree = "<group>"; };
		5291EA7C2C47EACB0059498F /* RootViewController.swift */ = {isa = PBXFileReference; lastKnownFileType = sourcecode.swift; path = RootViewController.swift; sourceTree = "<group>"; };
		5291EA812C47EACC0059498F /* Assets.xcassets */ = {isa = PBXFileReference; lastKnownFileType = folder.assetcatalog; path = Assets.xcassets; sourceTree = "<group>"; };
		5291EA842C47EACC0059498F /* Base */ = {isa = PBXFileReference; lastKnownFileType = file.storyboard; name = Base; path = Base.lproj/LaunchScreen.storyboard; sourceTree = "<group>"; };
		5291EA862C47EACC0059498F /* Info.plist */ = {isa = PBXFileReference; lastKnownFileType = text.plist.xml; path = Info.plist; sourceTree = "<group>"; };
		5291EA8B2C47EACC0059498F /* LearningUIKitTests.xctest */ = {isa = PBXFileReference; explicitFileType = wrapper.cfbundle; includeInIndex = 0; path = LearningUIKitTests.xctest; sourceTree = BUILT_PRODUCTS_DIR; };
		5291EA8F2C47EACC0059498F /* LearningUIKitTests.swift */ = {isa = PBXFileReference; lastKnownFileType = sourcecode.swift; path = LearningUIKitTests.swift; sourceTree = "<group>"; };
		5291EA952C47EACC0059498F /* LearningUIKitUITests.xctest */ = {isa = PBXFileReference; explicitFileType = wrapper.cfbundle; includeInIndex = 0; path = LearningUIKitUITests.xctest; sourceTree = BUILT_PRODUCTS_DIR; };
		5291EA992C47EACC0059498F /* LearningUIKitUITests.swift */ = {isa = PBXFileReference; lastKnownFileType = sourcecode.swift; path = LearningUIKitUITests.swift; sourceTree = "<group>"; };
		5291EA9B2C47EACC0059498F /* LearningUIKitUITestsLaunchTests.swift */ = {isa = PBXFileReference; lastKnownFileType = sourcecode.swift; path = LearningUIKitUITestsLaunchTests.swift; sourceTree = "<group>"; };
		52FD29CD2C49F7280019F094 /* UIColors.swift */ = {isa = PBXFileReference; lastKnownFileType = sourcecode.swift; path = UIColors.swift; sourceTree = "<group>"; };
		52FD29D12C4A3BBF0019F094 /* DependencyViewBuilder.swift */ = {isa = PBXFileReference; lastKnownFileType = sourcecode.swift; path = DependencyViewBuilder.swift; sourceTree = "<group>"; };
		52FD29D32C4A3C120019F094 /* DependencyContainer.swift */ = {isa = PBXFileReference; lastKnownFileType = sourcecode.swift; path = DependencyContainer.swift; sourceTree = "<group>"; };
		52FD29DF2C4BE6150019F094 /* BaseRouter.swift */ = {isa = PBXFileReference; lastKnownFileType = sourcecode.swift; path = BaseRouter.swift; sourceTree = "<group>"; };
		52FD29E12C4BEA690019F094 /* BaseViewModel.swift */ = {isa = PBXFileReference; lastKnownFileType = sourcecode.swift; path = BaseViewModel.swift; sourceTree = "<group>"; };
		52FD29E32C4BF3190019F094 /* README.md */ = {isa = PBXFileReference; lastKnownFileType = net.daringfireball.markdown; path = README.md; sourceTree = "<group>"; };
/* End PBXFileReference section */

/* Begin PBXFrameworksBuildPhase section */
		5291EA722C47EACB0059498F /* Frameworks */ = {
			isa = PBXFrameworksBuildPhase;
			buildActionMask = 2147483647;
			files = (
			);
			runOnlyForDeploymentPostprocessing = 0;
		};
		5291EA882C47EACC0059498F /* Frameworks */ = {
			isa = PBXFrameworksBuildPhase;
			buildActionMask = 2147483647;
			files = (
			);
			runOnlyForDeploymentPostprocessing = 0;
		};
		5291EA922C47EACC0059498F /* Frameworks */ = {
			isa = PBXFrameworksBuildPhase;
			buildActionMask = 2147483647;
			files = (
			);
			runOnlyForDeploymentPostprocessing = 0;
		};
/* End PBXFrameworksBuildPhase section */

/* Begin PBXGroup section */
		5291EA6C2C47EACB0059498F = {
			isa = PBXGroup;
			children = (
				52FD29E32C4BF3190019F094 /* README.md */,
				5291EA772C47EACB0059498F /* LearningUIKit */,
				5291EA982C47EACC0059498F /* LearningUIKitUITests */,
				5291EA762C47EACB0059498F /* Products */,
			);
			sourceTree = "<group>";
		};
		5291EA762C47EACB0059498F /* Products */ = {
			isa = PBXGroup;
			children = (
				5291EA752C47EACB0059498F /* LearningUIKit.app */,
				5291EA8B2C47EACC0059498F /* LearningUIKitTests.xctest */,
				5291EA952C47EACC0059498F /* LearningUIKitUITests.xctest */,
			);
			name = Products;
			sourceTree = "<group>";
		};
		5291EA772C47EACB0059498F /* LearningUIKit */ = {
			isa = PBXGroup;
			children = (
				52FD29CC2C49F6CA0019F094 /* Resources */,
				52FD29D52C4BD4300019F094 /* Sources */,
				5291EA8E2C47EACC0059498F /* LearningUIKitTests */,
				5291EA862C47EACC0059498F /* Info.plist */,
			);
			path = LearningUIKit;
			sourceTree = "<group>";
		};
		5291EA8E2C47EACC0059498F /* LearningUIKitTests */ = {
			isa = PBXGroup;
			children = (
				5291EA8F2C47EACC0059498F /* LearningUIKitTests.swift */,
			);
			path = LearningUIKitTests;
			sourceTree = "<group>";
		};
		5291EA982C47EACC0059498F /* LearningUIKitUITests */ = {
			isa = PBXGroup;
			children = (
				5291EA992C47EACC0059498F /* LearningUIKitUITests.swift */,
				5291EA9B2C47EACC0059498F /* LearningUIKitUITestsLaunchTests.swift */,
			);
			path = LearningUIKitUITests;
			sourceTree = "<group>";
		};
		52FD29CC2C49F6CA0019F094 /* Resources */ = {
			isa = PBXGroup;
			children = (
				5291EA812C47EACC0059498F /* Assets.xcassets */,
				5291EA832C47EACC0059498F /* LaunchScreen.storyboard */,
				52FD29CD2C49F7280019F094 /* UIColors.swift */,
			);
			path = Resources;
			sourceTree = "<group>";
		};
		52FD29D52C4BD4300019F094 /* Sources */ = {
			isa = PBXGroup;
			children = (
				52FD29D62C4BD4700019F094 /* API */,
				52FD29D72C4BD4750019F094 /* Component */,
				52FD29DA2C4BD4840019F094 /* Core */,
				52FD29DB2C4BD4890019F094 /* Entity */,
				52FD29DC2C4BD48D0019F094 /* Module */,
				52FD29DD2C4BD4950019F094 /* Repository */,
				52FD29DE2C4BD49C0019F094 /* UseCase */,
				5291EA782C47EACB0059498F /* AppDelegate.swift */,
				5291EA7A2C47EACB0059498F /* SceneDelegate.swift */,
				5291EA7C2C47EACB0059498F /* RootViewController.swift */,
				52FD29D32C4A3C120019F094 /* DependencyContainer.swift */,
				52FD29D12C4A3BBF0019F094 /* DependencyViewBuilder.swift */,
			);
			path = Sources;
			sourceTree = "<group>";
		};
		52FD29D62C4BD4700019F094 /* API */ = {
			isa = PBXGroup;
			children = (
			);
			path = API;
			sourceTree = "<group>";
		};
		52FD29D72C4BD4750019F094 /* Component */ = {
			isa = PBXGroup;
			children = (
			);
			path = Component;
			sourceTree = "<group>";
		};
		52FD29DA2C4BD4840019F094 /* Core */ = {
			isa = PBXGroup;
			children = (
				52FD29DF2C4BE6150019F094 /* BaseRouter.swift */,
				52FD29E12C4BEA690019F094 /* BaseViewModel.swift */,
			);
			path = Core;
			sourceTree = "<group>";
		};
		52FD29DB2C4BD4890019F094 /* Entity */ = {
			isa = PBXGroup;
			children = (
			);
			path = Entity;
			sourceTree = "<group>";
		};
		52FD29DC2C4BD48D0019F094 /* Module */ = {
			isa = PBXGroup;
			children = (
			);
			path = Module;
			sourceTree = "<group>";
		};
		52FD29DD2C4BD4950019F094 /* Repository */ = {
			isa = PBXGroup;
			children = (
			);
			path = Repository;
			sourceTree = "<group>";
		};
		52FD29DE2C4BD49C0019F094 /* UseCase */ = {
			isa = PBXGroup;
			children = (
			);
			path = UseCase;
			sourceTree = "<group>";
		};
/* End PBXGroup section */

/* Begin PBXNativeTarget section */
		5291EA742C47EACB0059498F /* LearningUIKit */ = {
			isa = PBXNativeTarget;
			buildConfigurationList = 5291EA9F2C47EACC0059498F /* Build configuration list for PBXNativeTarget "LearningUIKit" */;
			buildPhases = (
				5291EA712C47EACB0059498F /* Sources */,
				5291EA722C47EACB0059498F /* Frameworks */,
				5291EA732C47EACB0059498F /* Resources */,
			);
			buildRules = (
			);
			dependencies = (
			);
			name = LearningUIKit;
			productName = LearningUIKit;
			productReference = 5291EA752C47EACB0059498F /* LearningUIKit.app */;
			productType = "com.apple.product-type.application";
		};
		5291EA8A2C47EACC0059498F /* LearningUIKitTests */ = {
			isa = PBXNativeTarget;
			buildConfigurationList = 5291EAA22C47EACC0059498F /* Build configuration list for PBXNativeTarget "LearningUIKitTests" */;
			buildPhases = (
				5291EA872C47EACC0059498F /* Sources */,
				5291EA882C47EACC0059498F /* Frameworks */,
				5291EA892C47EACC0059498F /* Resources */,
			);
			buildRules = (
			);
			dependencies = (
				5291EA8D2C47EACC0059498F /* PBXTargetDependency */,
			);
			name = LearningUIKitTests;
			productName = LearningUIKitTests;
			productReference = 5291EA8B2C47EACC0059498F /* LearningUIKitTests.xctest */;
			productType = "com.apple.product-type.bundle.unit-test";
		};
		5291EA942C47EACC0059498F /* LearningUIKitUITests */ = {
			isa = PBXNativeTarget;
			buildConfigurationList = 5291EAA52C47EACC0059498F /* Build configuration list for PBXNativeTarget "LearningUIKitUITests" */;
			buildPhases = (
				5291EA912C47EACC0059498F /* Sources */,
				5291EA922C47EACC0059498F /* Frameworks */,
				5291EA932C47EACC0059498F /* Resources */,
			);
			buildRules = (
			);
			dependencies = (
				5291EA972C47EACC0059498F /* PBXTargetDependency */,
			);
			name = LearningUIKitUITests;
			productName = LearningUIKitUITests;
			productReference = 5291EA952C47EACC0059498F /* LearningUIKitUITests.xctest */;
			productType = "com.apple.product-type.bundle.ui-testing";
		};
/* End PBXNativeTarget section */

/* Begin PBXProject section */
		5291EA6D2C47EACB0059498F /* Project object */ = {
			isa = PBXProject;
			attributes = {
				BuildIndependentTargetsInParallel = 1;
				LastSwiftUpdateCheck = 1540;
				LastUpgradeCheck = 1540;
				TargetAttributes = {
					5291EA742C47EACB0059498F = {
						CreatedOnToolsVersion = 15.4;
					};
					5291EA8A2C47EACC0059498F = {
						CreatedOnToolsVersion = 15.4;
						TestTargetID = 5291EA742C47EACB0059498F;
					};
					5291EA942C47EACC0059498F = {
						CreatedOnToolsVersion = 15.4;
						TestTargetID = 5291EA742C47EACB0059498F;
					};
				};
			};
			buildConfigurationList = 5291EA702C47EACB0059498F /* Build configuration list for PBXProject "LearningUIKit" */;
			compatibilityVersion = "Xcode 14.0";
			developmentRegion = en;
			hasScannedForEncodings = 0;
			knownRegions = (
				en,
				Base,
			);
			mainGroup = 5291EA6C2C47EACB0059498F;
			productRefGroup = 5291EA762C47EACB0059498F /* Products */;
			projectDirPath = "";
			projectRoot = "";
			targets = (
				5291EA742C47EACB0059498F /* LearningUIKit */,
				5291EA8A2C47EACC0059498F /* LearningUIKitTests */,
				5291EA942C47EACC0059498F /* LearningUIKitUITests */,
			);
		};
/* End PBXProject section */

/* Begin PBXResourcesBuildPhase section */
		5291EA732C47EACB0059498F /* Resources */ = {
			isa = PBXResourcesBuildPhase;
			buildActionMask = 2147483647;
			files = (
				5291EA822C47EACC0059498F /* Assets.xcassets in Resources */,
				5291EA852C47EACC0059498F /* Base in Resources */,
			);
			runOnlyForDeploymentPostprocessing = 0;
		};
		5291EA892C47EACC0059498F /* Resources */ = {
			isa = PBXResourcesBuildPhase;
			buildActionMask = 2147483647;
			files = (
			);
			runOnlyForDeploymentPostprocessing = 0;
		};
		5291EA932C47EACC0059498F /* Resources */ = {
			isa = PBXResourcesBuildPhase;
			buildActionMask = 2147483647;
			files = (
			);
			runOnlyForDeploymentPostprocessing = 0;
		};
/* End PBXResourcesBuildPhase section */

/* Begin PBXSourcesBuildPhase section */
		5291EA712C47EACB0059498F /* Sources */ = {
			isa = PBXSourcesBuildPhase;
			buildActionMask = 2147483647;
			files = (
				5291EA7D2C47EACB0059498F /* RootViewController.swift in Sources */,
				52FD29D22C4A3BBF0019F094 /* DependencyViewBuilder.swift in Sources */,
				52FD29E02C4BE6150019F094 /* BaseRouter.swift in Sources */,
				52FD29CE2C49F7280019F094 /* UIColors.swift in Sources */,
				5291EA792C47EACB0059498F /* AppDelegate.swift in Sources */,
				52FD29E22C4BEA690019F094 /* BaseViewModel.swift in Sources */,
				52FD29D42C4A3C120019F094 /* DependencyContainer.swift in Sources */,
				5291EA7B2C47EACB0059498F /* SceneDelegate.swift in Sources */,
			);
			runOnlyForDeploymentPostprocessing = 0;
		};
		5291EA872C47EACC0059498F /* Sources */ = {
			isa = PBXSourcesBuildPhase;
			buildActionMask = 2147483647;
			files = (
				5291EA902C47EACC0059498F /* LearningUIKitTests.swift in Sources */,
			);
			runOnlyForDeploymentPostprocessing = 0;
		};
		5291EA912C47EACC0059498F /* Sources */ = {
			isa = PBXSourcesBuildPhase;
			buildActionMask = 2147483647;
			files = (
				5291EA9A2C47EACC0059498F /* LearningUIKitUITests.swift in Sources */,
				5291EA9C2C47EACC0059498F /* LearningUIKitUITestsLaunchTests.swift in Sources */,
			);
			runOnlyForDeploymentPostprocessing = 0;
		};
/* End PBXSourcesBuildPhase section */

/* Begin PBXTargetDependency section */
		5291EA8D2C47EACC0059498F /* PBXTargetDependency */ = {
			isa = PBXTargetDependency;
			target = 5291EA742C47EACB0059498F /* LearningUIKit */;
			targetProxy = 5291EA8C2C47EACC0059498F /* PBXContainerItemProxy */;
		};
		5291EA972C47EACC0059498F /* PBXTargetDependency */ = {
			isa = PBXTargetDependency;
			target = 5291EA742C47EACB0059498F /* LearningUIKit */;
			targetProxy = 5291EA962C47EACC0059498F /* PBXContainerItemProxy */;
		};
/* End PBXTargetDependency section */

/* Begin PBXVariantGroup section */
		5291EA832C47EACC0059498F /* LaunchScreen.storyboard */ = {
			isa = PBXVariantGroup;
			children = (
				5291EA842C47EACC0059498F /* Base */,
			);
			name = LaunchScreen.storyboard;
			sourceTree = "<group>";
		};
/* End PBXVariantGroup section */

/* Begin XCBuildConfiguration section */
		5291EA9D2C47EACC0059498F /* Debug */ = {
			isa = XCBuildConfiguration;
			buildSettings = {
				ALWAYS_SEARCH_USER_PATHS = NO;
				ASSETCATALOG_COMPILER_GENERATE_SWIFT_ASSET_SYMBOL_EXTENSIONS = YES;
				CLANG_ANALYZER_NONNULL = YES;
				CLANG_ANALYZER_NUMBER_OBJECT_CONVERSION = YES_AGGRESSIVE;
				CLANG_CXX_LANGUAGE_STANDARD = "gnu++20";
				CLANG_ENABLE_MODULES = YES;
				CLANG_ENABLE_OBJC_ARC = YES;
				CLANG_ENABLE_OBJC_WEAK = YES;
				CLANG_WARN_BLOCK_CAPTURE_AUTORELEASING = YES;
				CLANG_WARN_BOOL_CONVERSION = YES;
				CLANG_WARN_COMMA = YES;
				CLANG_WARN_CONSTANT_CONVERSION = YES;
				CLANG_WARN_DEPRECATED_OBJC_IMPLEMENTATIONS = YES;
				CLANG_WARN_DIRECT_OBJC_ISA_USAGE = YES_ERROR;
				CLANG_WARN_DOCUMENTATION_COMMENTS = YES;
				CLANG_WARN_EMPTY_BODY = YES;
				CLANG_WARN_ENUM_CONVERSION = YES;
				CLANG_WARN_INFINITE_RECURSION = YES;
				CLANG_WARN_INT_CONVERSION = YES;
				CLANG_WARN_NON_LITERAL_NULL_CONVERSION = YES;
				CLANG_WARN_OBJC_IMPLICIT_RETAIN_SELF = YES;
				CLANG_WARN_OBJC_LITERAL_CONVERSION = YES;
				CLANG_WARN_OBJC_ROOT_CLASS = YES_ERROR;
				CLANG_WARN_QUOTED_INCLUDE_IN_FRAMEWORK_HEADER = YES;
				CLANG_WARN_RANGE_LOOP_ANALYSIS = YES;
				CLANG_WARN_STRICT_PROTOTYPES = YES;
				CLANG_WARN_SUSPICIOUS_MOVE = YES;
				CLANG_WARN_UNGUARDED_AVAILABILITY = YES_AGGRESSIVE;
				CLANG_WARN_UNREACHABLE_CODE = YES;
				CLANG_WARN__DUPLICATE_METHOD_MATCH = YES;
				COPY_PHASE_STRIP = NO;
				DEBUG_INFORMATION_FORMAT = dwarf;
				ENABLE_STRICT_OBJC_MSGSEND = YES;
				ENABLE_TESTABILITY = YES;
				ENABLE_USER_SCRIPT_SANDBOXING = YES;
				GCC_C_LANGUAGE_STANDARD = gnu17;
				GCC_DYNAMIC_NO_PIC = NO;
				GCC_NO_COMMON_BLOCKS = YES;
				GCC_OPTIMIZATION_LEVEL = 0;
				GCC_PREPROCESSOR_DEFINITIONS = (
					"DEBUG=1",
					"$(inherited)",
				);
				GCC_WARN_64_TO_32_BIT_CONVERSION = YES;
				GCC_WARN_ABOUT_RETURN_TYPE = YES_ERROR;
				GCC_WARN_UNDECLARED_SELECTOR = YES;
				GCC_WARN_UNINITIALIZED_AUTOS = YES_AGGRESSIVE;
				GCC_WARN_UNUSED_FUNCTION = YES;
				GCC_WARN_UNUSED_VARIABLE = YES;
				IPHONEOS_DEPLOYMENT_TARGET = 17.5;
				LOCALIZATION_PREFERS_STRING_CATALOGS = YES;
				MTL_ENABLE_DEBUG_INFO = INCLUDE_SOURCE;
				MTL_FAST_MATH = YES;
				ONLY_ACTIVE_ARCH = YES;
				SDKROOT = iphoneos;
				SWIFT_ACTIVE_COMPILATION_CONDITIONS = "DEBUG $(inherited)";
				SWIFT_OPTIMIZATION_LEVEL = "-Onone";
			};
			name = Debug;
		};
		5291EA9E2C47EACC0059498F /* Release */ = {
			isa = XCBuildConfiguration;
			buildSettings = {
				ALWAYS_SEARCH_USER_PATHS = NO;
				ASSETCATALOG_COMPILER_GENERATE_SWIFT_ASSET_SYMBOL_EXTENSIONS = YES;
				CLANG_ANALYZER_NONNULL = YES;
				CLANG_ANALYZER_NUMBER_OBJECT_CONVERSION = YES_AGGRESSIVE;
				CLANG_CXX_LANGUAGE_STANDARD = "gnu++20";
				CLANG_ENABLE_MODULES = YES;
				CLANG_ENABLE_OBJC_ARC = YES;
				CLANG_ENABLE_OBJC_WEAK = YES;
				CLANG_WARN_BLOCK_CAPTURE_AUTORELEASING = YES;
				CLANG_WARN_BOOL_CONVERSION = YES;
				CLANG_WARN_COMMA = YES;
				CLANG_WARN_CONSTANT_CONVERSION = YES;
				CLANG_WARN_DEPRECATED_OBJC_IMPLEMENTATIONS = YES;
				CLANG_WARN_DIRECT_OBJC_ISA_USAGE = YES_ERROR;
				CLANG_WARN_DOCUMENTATION_COMMENTS = YES;
				CLANG_WARN_EMPTY_BODY = YES;
				CLANG_WARN_ENUM_CONVERSION = YES;
				CLANG_WARN_INFINITE_RECURSION = YES;
				CLANG_WARN_INT_CONVERSION = YES;
				CLANG_WARN_NON_LITERAL_NULL_CONVERSION = YES;
				CLANG_WARN_OBJC_IMPLICIT_RETAIN_SELF = YES;
				CLANG_WARN_OBJC_LITERAL_CONVERSION = YES;
				CLANG_WARN_OBJC_ROOT_CLASS = YES_ERROR;
				CLANG_WARN_QUOTED_INCLUDE_IN_FRAMEWORK_HEADER = YES;
				CLANG_WARN_RANGE_LOOP_ANALYSIS = YES;
				CLANG_WARN_STRICT_PROTOTYPES = YES;
				CLANG_WARN_SUSPICIOUS_MOVE = YES;
				CLANG_WARN_UNGUARDED_AVAILABILITY = YES_AGGRESSIVE;
				CLANG_WARN_UNREACHABLE_CODE = YES;
				CLANG_WARN__DUPLICATE_METHOD_MATCH = YES;
				COPY_PHASE_STRIP = NO;
				DEBUG_INFORMATION_FORMAT = "dwarf-with-dsym";
				ENABLE_NS_ASSERTIONS = NO;
				ENABLE_STRICT_OBJC_MSGSEND = YES;
				ENABLE_USER_SCRIPT_SANDBOXING = YES;
				GCC_C_LANGUAGE_STANDARD = gnu17;
				GCC_NO_COMMON_BLOCKS = YES;
				GCC_WARN_64_TO_32_BIT_CONVERSION = YES;
				GCC_WARN_ABOUT_RETURN_TYPE = YES_ERROR;
				GCC_WARN_UNDECLARED_SELECTOR = YES;
				GCC_WARN_UNINITIALIZED_AUTOS = YES_AGGRESSIVE;
				GCC_WARN_UNUSED_FUNCTION = YES;
				GCC_WARN_UNUSED_VARIABLE = YES;
				IPHONEOS_DEPLOYMENT_TARGET = 17.5;
				LOCALIZATION_PREFERS_STRING_CATALOGS = YES;
				MTL_ENABLE_DEBUG_INFO = NO;
				MTL_FAST_MATH = YES;
				SDKROOT = iphoneos;
				SWIFT_COMPILATION_MODE = wholemodule;
				VALIDATE_PRODUCT = YES;
			};
			name = Release;
		};
		5291EAA02C47EACC0059498F /* Debug */ = {
			isa = XCBuildConfiguration;
			buildSettings = {
				ASSETCATALOG_COMPILER_APPICON_NAME = AppIcon;
				ASSETCATALOG_COMPILER_GLOBAL_ACCENT_COLOR_NAME = AccentColor;
				CODE_SIGN_STYLE = Automatic;
				CURRENT_PROJECT_VERSION = 1;
				DEVELOPMENT_TEAM = PBBV5BVMZD;
				GENERATE_INFOPLIST_FILE = YES;
				INFOPLIST_FILE = LearningUIKit/Info.plist;
				INFOPLIST_KEY_UIApplicationSupportsIndirectInputEvents = YES;
				INFOPLIST_KEY_UILaunchStoryboardName = LaunchScreen;
				INFOPLIST_KEY_UISupportedInterfaceOrientations_iPad = "UIInterfaceOrientationPortrait UIInterfaceOrientationPortraitUpsideDown UIInterfaceOrientationLandscapeLeft UIInterfaceOrientationLandscapeRight";
				INFOPLIST_KEY_UISupportedInterfaceOrientations_iPhone = "UIInterfaceOrientationPortrait UIInterfaceOrientationLandscapeLeft UIInterfaceOrientationLandscapeRight";
				LD_RUNPATH_SEARCH_PATHS = (
					"$(inherited)",
					"@executable_path/Frameworks",
				);
				MARKETING_VERSION = 1.0;
				PRODUCT_BUNDLE_IDENTIFIER = com.taichone.LearningUIKit;
				PRODUCT_NAME = "$(TARGET_NAME)";
				SWIFT_EMIT_LOC_STRINGS = YES;
				SWIFT_VERSION = 5.0;
				TARGETED_DEVICE_FAMILY = "1,2";
			};
			name = Debug;
		};
		5291EAA12C47EACC0059498F /* Release */ = {
			isa = XCBuildConfiguration;
			buildSettings = {
				ASSETCATALOG_COMPILER_APPICON_NAME = AppIcon;
				ASSETCATALOG_COMPILER_GLOBAL_ACCENT_COLOR_NAME = AccentColor;
				CODE_SIGN_STYLE = Automatic;
				CURRENT_PROJECT_VERSION = 1;
				DEVELOPMENT_TEAM = PBBV5BVMZD;
				GENERATE_INFOPLIST_FILE = YES;
				INFOPLIST_FILE = LearningUIKit/Info.plist;
				INFOPLIST_KEY_UIApplicationSupportsIndirectInputEvents = YES;
				INFOPLIST_KEY_UILaunchStoryboardName = LaunchScreen;
				INFOPLIST_KEY_UISupportedInterfaceOrientations_iPad = "UIInterfaceOrientationPortrait UIInterfaceOrientationPortraitUpsideDown UIInterfaceOrientationLandscapeLeft UIInterfaceOrientationLandscapeRight";
				INFOPLIST_KEY_UISupportedInterfaceOrientations_iPhone = "UIInterfaceOrientationPortrait UIInterfaceOrientationLandscapeLeft UIInterfaceOrientationLandscapeRight";
				LD_RUNPATH_SEARCH_PATHS = (
					"$(inherited)",
					"@executable_path/Frameworks",
				);
				MARKETING_VERSION = 1.0;
				PRODUCT_BUNDLE_IDENTIFIER = com.taichone.LearningUIKit;
				PRODUCT_NAME = "$(TARGET_NAME)";
				SWIFT_EMIT_LOC_STRINGS = YES;
				SWIFT_VERSION = 5.0;
				TARGETED_DEVICE_FAMILY = "1,2";
			};
			name = Release;
		};
		5291EAA32C47EACC0059498F /* Debug */ = {
			isa = XCBuildConfiguration;
			buildSettings = {
				ALWAYS_EMBED_SWIFT_STANDARD_LIBRARIES = YES;
				BUNDLE_LOADER = "$(TEST_HOST)";
				CODE_SIGN_STYLE = Automatic;
				CURRENT_PROJECT_VERSION = 1;
				DEVELOPMENT_TEAM = PBBV5BVMZD;
				GENERATE_INFOPLIST_FILE = YES;
				IPHONEOS_DEPLOYMENT_TARGET = 17.5;
				MARKETING_VERSION = 1.0;
				PRODUCT_BUNDLE_IDENTIFIER = com.taichone.LearningUIKitTests;
				PRODUCT_NAME = "$(TARGET_NAME)";
				SWIFT_EMIT_LOC_STRINGS = NO;
				SWIFT_VERSION = 5.0;
				TARGETED_DEVICE_FAMILY = "1,2";
				TEST_HOST = "$(BUILT_PRODUCTS_DIR)/LearningUIKit.app/$(BUNDLE_EXECUTABLE_FOLDER_PATH)/LearningUIKit";
			};
			name = Debug;
		};
		5291EAA42C47EACC0059498F /* Release */ = {
			isa = XCBuildConfiguration;
			buildSettings = {
				ALWAYS_EMBED_SWIFT_STANDARD_LIBRARIES = YES;
				BUNDLE_LOADER = "$(TEST_HOST)";
				CODE_SIGN_STYLE = Automatic;
				CURRENT_PROJECT_VERSION = 1;
				DEVELOPMENT_TEAM = PBBV5BVMZD;
				GENERATE_INFOPLIST_FILE = YES;
				IPHONEOS_DEPLOYMENT_TARGET = 17.5;
				MARKETING_VERSION = 1.0;
				PRODUCT_BUNDLE_IDENTIFIER = com.taichone.LearningUIKitTests;
				PRODUCT_NAME = "$(TARGET_NAME)";
				SWIFT_EMIT_LOC_STRINGS = NO;
				SWIFT_VERSION = 5.0;
				TARGETED_DEVICE_FAMILY = "1,2";
				TEST_HOST = "$(BUILT_PRODUCTS_DIR)/LearningUIKit.app/$(BUNDLE_EXECUTABLE_FOLDER_PATH)/LearningUIKit";
			};
			name = Release;
		};
		5291EAA62C47EACC0059498F /* Debug */ = {
			isa = XCBuildConfiguration;
			buildSettings = {
				ALWAYS_EMBED_SWIFT_STANDARD_LIBRARIES = YES;
				CODE_SIGN_STYLE = Automatic;
				CURRENT_PROJECT_VERSION = 1;
				DEVELOPMENT_TEAM = PBBV5BVMZD;
				GENERATE_INFOPLIST_FILE = YES;
				MARKETING_VERSION = 1.0;
				PRODUCT_BUNDLE_IDENTIFIER = com.taichone.LearningUIKitUITests;
				PRODUCT_NAME = "$(TARGET_NAME)";
				SWIFT_EMIT_LOC_STRINGS = NO;
				SWIFT_VERSION = 5.0;
				TARGETED_DEVICE_FAMILY = "1,2";
				TEST_TARGET_NAME = LearningUIKit;
			};
			name = Debug;
		};
		5291EAA72C47EACC0059498F /* Release */ = {
			isa = XCBuildConfiguration;
			buildSettings = {
				ALWAYS_EMBED_SWIFT_STANDARD_LIBRARIES = YES;
				CODE_SIGN_STYLE = Automatic;
				CURRENT_PROJECT_VERSION = 1;
				DEVELOPMENT_TEAM = PBBV5BVMZD;
				GENERATE_INFOPLIST_FILE = YES;
				MARKETING_VERSION = 1.0;
				PRODUCT_BUNDLE_IDENTIFIER = com.taichone.LearningUIKitUITests;
				PRODUCT_NAME = "$(TARGET_NAME)";
				SWIFT_EMIT_LOC_STRINGS = NO;
				SWIFT_VERSION = 5.0;
				TARGETED_DEVICE_FAMILY = "1,2";
				TEST_TARGET_NAME = LearningUIKit;
			};
			name = Release;
		};
/* End XCBuildConfiguration section */

/* Begin XCConfigurationList section */
		5291EA702C47EACB0059498F /* Build configuration list for PBXProject "LearningUIKit" */ = {
			isa = XCConfigurationList;
			buildConfigurations = (
				5291EA9D2C47EACC0059498F /* Debug */,
				5291EA9E2C47EACC0059498F /* Release */,
			);
			defaultConfigurationIsVisible = 0;
			defaultConfigurationName = Release;
		};
		5291EA9F2C47EACC0059498F /* Build configuration list for PBXNativeTarget "LearningUIKit" */ = {
			isa = XCConfigurationList;
			buildConfigurations = (
				5291EAA02C47EACC0059498F /* Debug */,
				5291EAA12C47EACC0059498F /* Release */,
			);
			defaultConfigurationIsVisible = 0;
			defaultConfigurationName = Release;
		};
		5291EAA22C47EACC0059498F /* Build configuration list for PBXNativeTarget "LearningUIKitTests" */ = {
			isa = XCConfigurationList;
			buildConfigurations = (
				5291EAA32C47EACC0059498F /* Debug */,
				5291EAA42C47EACC0059498F /* Release */,
			);
			defaultConfigurationIsVisible = 0;
			defaultConfigurationName = Release;
		};
		5291EAA52C47EACC0059498F /* Build configuration list for PBXNativeTarget "LearningUIKitUITests" */ = {
			isa = XCConfigurationList;
			buildConfigurations = (
				5291EAA62C47EACC0059498F /* Debug */,
				5291EAA72C47EACC0059498F /* Release */,
			);
			defaultConfigurationIsVisible = 0;
			defaultConfigurationName = Release;
		};
/* End XCConfigurationList section */
	};
	rootObject = 5291EA6D2C47EACB0059498F /* Project object */;
}
